
Microsoft Visual Studio Solution File, Format Version 12.00
Project("{FAE04EC0-301F-11D3-BF4B-00C04F79EFBC}") = "Avalonia.HotReload", "Avalonia.HotReload\Avalonia.HotReload.csproj", "{C21BFE2D-E68C-4898-A722-D072CD4BE146}"
EndProject
Project("{FAE04EC0-301F-11D3-BF4B-00C04F79EFBC}") = "Avalonia.HotReload.Sample", "Avalonia.HotReload.Sample\Avalonia.HotReload.Sample.csproj", "{5FDAB539-5A65-4247-8C94-3C79130BE68F}"
EndProject
Global
	GlobalSection(SolutionConfigurationPlatforms) = preSolution
		Debug|Any CPU = Debug|Any CPU
		Release|Any CPU = Release|Any CPU
	EndGlobalSection
	GlobalSection(ProjectConfigurationPlatforms) = postSolution
		{C21BFE2D-E68C-4898-A722-D072CD4BE146}.Debug|Any CPU.ActiveCfg = Debug|Any CPU
		{C21BFE2D-E68C-4898-A722-D072CD4BE146}.Debug|Any CPU.Build.0 = Debug|Any CPU
		{C21BFE2D-E68C-4898-A722-D072CD4BE146}.Release|Any CPU.ActiveCfg = Release|Any CPU
		{C21BFE2D-E68C-4898-A722-D072CD4BE146}.Release|Any CPU.Build.0 = Release|Any CPU
		{5FDAB539-5A65-4247-8C94-3C79130BE68F}.Debug|Any CPU.ActiveCfg = Debug|Any CPU
		{5FDAB539-5A65-4247-8C94-3C79130BE68F}.Debug|Any CPU.Build.0 = Debug|Any CPU
		{5FDAB539-5A65-4247-8C94-3C79130BE68F}.Release|Any CPU.ActiveCfg = Release|Any CPU
		{5FDAB539-5A65-4247-8C94-3C79130BE68F}.Release|Any CPU.Build.0 = Release|Any CPU
	EndGlobalSection
EndGlobal
