
Microsoft Visual Studio Solution File, Format Version 12.00
Project("{FAE04EC0-301F-11D3-BF4B-00C04F79EFBC}") = "Avalonia.Reloading.Sample", "Avalonia.Reloading.Sample\Avalonia.Reloading.Sample.csproj", "{5FDAB539-5A65-4247-8C94-3C79130BE68F}"
EndProject
Project("{FAE04EC0-301F-11D3-BF4B-00C04F79EFBC}") = "Avalonia.Reloading.Tool", "Avalonia.Reloading.Tool\Avalonia.Reloading.Tool.csproj", "{9690BCC3-7BB8-4620-B366-349CC087A16E}"
EndProject
Global
	GlobalSection(SolutionConfigurationPlatforms) = preSolution
		Debug|Any CPU = Debug|Any CPU
		Release|Any CPU = Release|Any CPU
	EndGlobalSection
	GlobalSection(ProjectConfigurationPlatforms) = postSolution
		{5FDAB539-5A65-4247-8C94-3C79130BE68F}.Debug|Any CPU.ActiveCfg = Debug|Any CPU
		{5FDAB539-5A65-4247-8C94-3C79130BE68F}.Debug|Any CPU.Build.0 = Debug|Any CPU
		{5FDAB539-5A65-4247-8C94-3C79130BE68F}.Release|Any CPU.ActiveCfg = Release|Any CPU
		{5FDAB539-5A65-4247-8C94-3C79130BE68F}.Release|Any CPU.Build.0 = Release|Any CPU
		{9690BCC3-7BB8-4620-B366-349CC087A16E}.Debug|Any CPU.ActiveCfg = Debug|Any CPU
		{9690BCC3-7BB8-4620-B366-349CC087A16E}.Debug|Any CPU.Build.0 = Debug|Any CPU
		{9690BCC3-7BB8-4620-B366-349CC087A16E}.Release|Any CPU.ActiveCfg = Release|Any CPU
		{9690BCC3-7BB8-4620-B366-349CC087A16E}.Release|Any CPU.Build.0 = Release|Any CPU
	EndGlobalSection
EndGlobal
